
Microsoft Visual Studio Solution File, Format Version 12.00
# Visual Studio 15
VisualStudioVersion = 15.0.26730.12
MinimumVisualStudioVersion = 10.0.40219.1
Project("{FAE04EC0-301F-11D3-BF4B-00C04F79EFBC}") = "AreasAndAutomapperDemo", "AreasAndAutomapperDemo\AreasAndAutomapperDemo.csproj", "{7A761EE9-9F41-4E71-8BB4-3847A726981A}"
EndProject
Global
	GlobalSection(SolutionConfigurationPlatforms) = preSolution
		Debug|Any CPU = Debug|Any CPU
		Release|Any CPU = Release|Any CPU
	EndGlobalSection
	GlobalSection(ProjectConfigurationPlatforms) = postSolution
		{7A761EE9-9F41-4E71-8BB4-3847A726981A}.Debug|Any CPU.ActiveCfg = Debug|Any CPU
		{7A761EE9-9F41-4E71-8BB4-3847A726981A}.Debug|Any CPU.Build.0 = Debug|Any CPU
		{7A761EE9-9F41-4E71-8BB4-3847A726981A}.Release|Any CPU.ActiveCfg = Release|Any CPU
		{7A761EE9-9F41-4E71-8BB4-3847A726981A}.Release|Any CPU.Build.0 = Release|Any CPU
	EndGlobalSection
	GlobalSection(SolutionProperties) = preSolution
		HideSolutionNode = FALSE
	EndGlobalSection
	GlobalSection(ExtensibilityGlobals) = postSolution
		SolutionGuid = {3EF5AE90-E1CC-48F9-9A2B-E298AC1B7356}
	EndGlobalSection
EndGlobal
