
Microsoft Visual Studio Solution File, Format Version 12.00
# Visual Studio 14
VisualStudioVersion = 14.0.25420.1
MinimumVisualStudioVersion = 10.0.40219.1
Project("{FAE04EC0-301F-11D3-BF4B-00C04F79EFBC}") = "OddLines", "OddLines\OddLines.csproj", "{074FF9C7-5756-4756-9358-3D0324A10867}"
EndProject
Project("{FAE04EC0-301F-11D3-BF4B-00C04F79EFBC}") = "LineNumbers", "LineNumbers\LineNumbers.csproj", "{1C9C86C8-6A40-45E5-965E-7B748DB5EAC7}"
EndProject
Project("{FAE04EC0-301F-11D3-BF4B-00C04F79EFBC}") = "WordCount", "WordCount\WordCount.csproj", "{0F84238D-AEBC-4CAD-8F75-9C029703B5B2}"
EndProject
Project("{FAE04EC0-301F-11D3-BF4B-00C04F79EFBC}") = "MergingTwoFiles", "MergingTwoFiles\MergingTwoFiles.csproj", "{8E58B71D-3E22-4FB1-9D3C-3FE4A36094A5}"
EndProject
Project("{FAE04EC0-301F-11D3-BF4B-00C04F79EFBC}") = "GetFolderSize", "GetFolderSize\GetFolderSize.csproj", "{EBE74F8B-17E2-4829-B572-8140C3FD720E}"
EndProject
Global
	GlobalSection(SolutionConfigurationPlatforms) = preSolution
		Debug|Any CPU = Debug|Any CPU
		Release|Any CPU = Release|Any CPU
	EndGlobalSection
	GlobalSection(ProjectConfigurationPlatforms) = postSolution
		{074FF9C7-5756-4756-9358-3D0324A10867}.Debug|Any CPU.ActiveCfg = Debug|Any CPU
		{074FF9C7-5756-4756-9358-3D0324A10867}.Debug|Any CPU.Build.0 = Debug|Any CPU
		{074FF9C7-5756-4756-9358-3D0324A10867}.Release|Any CPU.ActiveCfg = Release|Any CPU
		{074FF9C7-5756-4756-9358-3D0324A10867}.Release|Any CPU.Build.0 = Release|Any CPU
		{1C9C86C8-6A40-45E5-965E-7B748DB5EAC7}.Debug|Any CPU.ActiveCfg = Debug|Any CPU
		{1C9C86C8-6A40-45E5-965E-7B748DB5EAC7}.Debug|Any CPU.Build.0 = Debug|Any CPU
		{1C9C86C8-6A40-45E5-965E-7B748DB5EAC7}.Release|Any CPU.ActiveCfg = Release|Any CPU
		{1C9C86C8-6A40-45E5-965E-7B748DB5EAC7}.Release|Any CPU.Build.0 = Release|Any CPU
		{0F84238D-AEBC-4CAD-8F75-9C029703B5B2}.Debug|Any CPU.ActiveCfg = Debug|Any CPU
		{0F84238D-AEBC-4CAD-8F75-9C029703B5B2}.Debug|Any CPU.Build.0 = Debug|Any CPU
		{0F84238D-AEBC-4CAD-8F75-9C029703B5B2}.Release|Any CPU.ActiveCfg = Release|Any CPU
		{0F84238D-AEBC-4CAD-8F75-9C029703B5B2}.Release|Any CPU.Build.0 = Release|Any CPU
		{8E58B71D-3E22-4FB1-9D3C-3FE4A36094A5}.Debug|Any CPU.ActiveCfg = Debug|Any CPU
		{8E58B71D-3E22-4FB1-9D3C-3FE4A36094A5}.Debug|Any CPU.Build.0 = Debug|Any CPU
		{8E58B71D-3E22-4FB1-9D3C-3FE4A36094A5}.Release|Any CPU.ActiveCfg = Release|Any CPU
		{8E58B71D-3E22-4FB1-9D3C-3FE4A36094A5}.Release|Any CPU.Build.0 = Release|Any CPU
		{EBE74F8B-17E2-4829-B572-8140C3FD720E}.Debug|Any CPU.ActiveCfg = Debug|Any CPU
		{EBE74F8B-17E2-4829-B572-8140C3FD720E}.Debug|Any CPU.Build.0 = Debug|Any CPU
		{EBE74F8B-17E2-4829-B572-8140C3FD720E}.Release|Any CPU.ActiveCfg = Release|Any CPU
		{EBE74F8B-17E2-4829-B572-8140C3FD720E}.Release|Any CPU.Build.0 = Release|Any CPU
	EndGlobalSection
	GlobalSection(SolutionProperties) = preSolution
		HideSolutionNode = FALSE
	EndGlobalSection
EndGlobal
