
Microsoft Visual Studio Solution File, Format Version 12.00
# Visual Studio 14
VisualStudioVersion = 14.0.25420.1
MinimumVisualStudioVersion = 10.0.40219.1
Project("{FAE04EC0-301F-11D3-BF4B-00C04F79EFBC}") = "Practise", "Practise\Practise.csproj", "{A5D39CBA-88EF-4AC9-B9CB-364EAEAFE25F}"
EndProject
Project("{FAE04EC0-301F-11D3-BF4B-00C04F79EFBC}") = "OddLines", "OddLines\OddLines.csproj", "{C71F1542-CE28-41FA-A4E4-A8829677A38E}"
EndProject
Project("{FAE04EC0-301F-11D3-BF4B-00C04F79EFBC}") = "LineNumbers", "LineNumbers\LineNumbers.csproj", "{351DA3CD-2429-4C13-9B78-804DFBBD8096}"
EndProject
Project("{FAE04EC0-301F-11D3-BF4B-00C04F79EFBC}") = "WordCount", "WordCount\WordCount.csproj", "{36AF0EB0-AB24-40CC-B29D-F76A2E7F668E}"
EndProject
Project("{FAE04EC0-301F-11D3-BF4B-00C04F79EFBC}") = "MergeFiles", "MergeFiles\MergeFiles.csproj", "{C6D53D8B-75B4-4DA0-A447-840289B7BF7B}"
EndProject
Project("{FAE04EC0-301F-11D3-BF4B-00C04F79EFBC}") = "FolderSize", "FolderSize\FolderSize.csproj", "{FEEF11C7-2A27-44AF-98AD-880EA2EE800C}"
EndProject
Global
	GlobalSection(SolutionConfigurationPlatforms) = preSolution
		Debug|Any CPU = Debug|Any CPU
		Release|Any CPU = Release|Any CPU
	EndGlobalSection
	GlobalSection(ProjectConfigurationPlatforms) = postSolution
		{A5D39CBA-88EF-4AC9-B9CB-364EAEAFE25F}.Debug|Any CPU.ActiveCfg = Debug|Any CPU
		{A5D39CBA-88EF-4AC9-B9CB-364EAEAFE25F}.Debug|Any CPU.Build.0 = Debug|Any CPU
		{A5D39CBA-88EF-4AC9-B9CB-364EAEAFE25F}.Release|Any CPU.ActiveCfg = Release|Any CPU
		{A5D39CBA-88EF-4AC9-B9CB-364EAEAFE25F}.Release|Any CPU.Build.0 = Release|Any CPU
		{C71F1542-CE28-41FA-A4E4-A8829677A38E}.Debug|Any CPU.ActiveCfg = Debug|Any CPU
		{C71F1542-CE28-41FA-A4E4-A8829677A38E}.Debug|Any CPU.Build.0 = Debug|Any CPU
		{C71F1542-CE28-41FA-A4E4-A8829677A38E}.Release|Any CPU.ActiveCfg = Release|Any CPU
		{C71F1542-CE28-41FA-A4E4-A8829677A38E}.Release|Any CPU.Build.0 = Release|Any CPU
		{351DA3CD-2429-4C13-9B78-804DFBBD8096}.Debug|Any CPU.ActiveCfg = Debug|Any CPU
		{351DA3CD-2429-4C13-9B78-804DFBBD8096}.Debug|Any CPU.Build.0 = Debug|Any CPU
		{351DA3CD-2429-4C13-9B78-804DFBBD8096}.Release|Any CPU.ActiveCfg = Release|Any CPU
		{351DA3CD-2429-4C13-9B78-804DFBBD8096}.Release|Any CPU.Build.0 = Release|Any CPU
		{36AF0EB0-AB24-40CC-B29D-F76A2E7F668E}.Debug|Any CPU.ActiveCfg = Debug|Any CPU
		{36AF0EB0-AB24-40CC-B29D-F76A2E7F668E}.Debug|Any CPU.Build.0 = Debug|Any CPU
		{36AF0EB0-AB24-40CC-B29D-F76A2E7F668E}.Release|Any CPU.ActiveCfg = Release|Any CPU
		{36AF0EB0-AB24-40CC-B29D-F76A2E7F668E}.Release|Any CPU.Build.0 = Release|Any CPU
		{C6D53D8B-75B4-4DA0-A447-840289B7BF7B}.Debug|Any CPU.ActiveCfg = Debug|Any CPU
		{C6D53D8B-75B4-4DA0-A447-840289B7BF7B}.Debug|Any CPU.Build.0 = Debug|Any CPU
		{C6D53D8B-75B4-4DA0-A447-840289B7BF7B}.Release|Any CPU.ActiveCfg = Release|Any CPU
		{C6D53D8B-75B4-4DA0-A447-840289B7BF7B}.Release|Any CPU.Build.0 = Release|Any CPU
		{FEEF11C7-2A27-44AF-98AD-880EA2EE800C}.Debug|Any CPU.ActiveCfg = Debug|Any CPU
		{FEEF11C7-2A27-44AF-98AD-880EA2EE800C}.Debug|Any CPU.Build.0 = Debug|Any CPU
		{FEEF11C7-2A27-44AF-98AD-880EA2EE800C}.Release|Any CPU.ActiveCfg = Release|Any CPU
		{FEEF11C7-2A27-44AF-98AD-880EA2EE800C}.Release|Any CPU.Build.0 = Release|Any CPU
	EndGlobalSection
	GlobalSection(SolutionProperties) = preSolution
		HideSolutionNode = FALSE
	EndGlobalSection
EndGlobal
