
Microsoft Visual Studio Solution File, Format Version 12.00
# Visual Studio 15
VisualStudioVersion = 15.0.26730.12
MinimumVisualStudioVersion = 10.0.40219.1
Project("{9A19103F-16F7-4668-BE54-9A1E7A4F7556}") = "CarDealer.Web", "CarDealer.Web\CarDealer.Web.csproj", "{03E1434F-9E51-4CA9-B6FC-A5FA18B9F3DE}"
EndProject
Project("{9A19103F-16F7-4668-BE54-9A1E7A4F7556}") = "CarDealer.Data", "CarDealer.Data\CarDealer.Data.csproj", "{83528DCE-26A8-45D5-8EC0-BFE3E4D4FA10}"
EndProject
Project("{9A19103F-16F7-4668-BE54-9A1E7A4F7556}") = "CarDealer.Services", "CarDealer.Services\CarDealer.Services.csproj", "{BBE7A86C-D634-4349-B3C5-545FD495D9C5}"
EndProject
Global
	GlobalSection(SolutionConfigurationPlatforms) = preSolution
		Debug|Any CPU = Debug|Any CPU
		Release|Any CPU = Release|Any CPU
	EndGlobalSection
	GlobalSection(ProjectConfigurationPlatforms) = postSolution
		{03E1434F-9E51-4CA9-B6FC-A5FA18B9F3DE}.Debug|Any CPU.ActiveCfg = Debug|Any CPU
		{03E1434F-9E51-4CA9-B6FC-A5FA18B9F3DE}.Debug|Any CPU.Build.0 = Debug|Any CPU
		{03E1434F-9E51-4CA9-B6FC-A5FA18B9F3DE}.Release|Any CPU.ActiveCfg = Release|Any CPU
		{03E1434F-9E51-4CA9-B6FC-A5FA18B9F3DE}.Release|Any CPU.Build.0 = Release|Any CPU
		{83528DCE-26A8-45D5-8EC0-BFE3E4D4FA10}.Debug|Any CPU.ActiveCfg = Debug|Any CPU
		{83528DCE-26A8-45D5-8EC0-BFE3E4D4FA10}.Debug|Any CPU.Build.0 = Debug|Any CPU
		{83528DCE-26A8-45D5-8EC0-BFE3E4D4FA10}.Release|Any CPU.ActiveCfg = Release|Any CPU
		{83528DCE-26A8-45D5-8EC0-BFE3E4D4FA10}.Release|Any CPU.Build.0 = Release|Any CPU
		{BBE7A86C-D634-4349-B3C5-545FD495D9C5}.Debug|Any CPU.ActiveCfg = Debug|Any CPU
		{BBE7A86C-D634-4349-B3C5-545FD495D9C5}.Debug|Any CPU.Build.0 = Debug|Any CPU
		{BBE7A86C-D634-4349-B3C5-545FD495D9C5}.Release|Any CPU.ActiveCfg = Release|Any CPU
		{BBE7A86C-D634-4349-B3C5-545FD495D9C5}.Release|Any CPU.Build.0 = Release|Any CPU
	EndGlobalSection
	GlobalSection(SolutionProperties) = preSolution
		HideSolutionNode = FALSE
	EndGlobalSection
	GlobalSection(ExtensibilityGlobals) = postSolution
		SolutionGuid = {1A9B4413-01A0-4363-922F-1635267A1183}
	EndGlobalSection
EndGlobal
