
Microsoft Visual Studio Solution File, Format Version 12.00
# Visual Studio 14
VisualStudioVersion = 14.0.25420.1
MinimumVisualStudioVersion = 10.0.40219.1
Project("{FAE04EC0-301F-11D3-BF4B-00C04F79EFBC}") = "LoopByStep3", "LoopByStep3\LoopByStep3.csproj", "{CAC69C02-616C-4BE4-BEF9-F339013CA5AE}"
EndProject
Project("{FAE04EC0-301F-11D3-BF4B-00C04F79EFBC}") = "NumbersNto1", "NumbersNto1\NumbersNto1.csproj", "{35355227-F1D5-4021-9E9C-F7E5CD5B071A}"
EndProject
Project("{FAE04EC0-301F-11D3-BF4B-00C04F79EFBC}") = "PowersOFTwo", "PowersOFTwo\PowersOFTwo.csproj", "{DFB5EC76-CE59-40D7-914D-271511E34AC6}"
EndProject
Project("{FAE04EC0-301F-11D3-BF4B-00C04F79EFBC}") = "EvenPowersOf2", "EvenPowersOf2\EvenPowersOf2.csproj", "{BEAFA78F-4FDC-40F5-AA86-96CB5C9EF986}"
EndProject
Project("{FAE04EC0-301F-11D3-BF4B-00C04F79EFBC}") = "Sequence2k+1", "Sequence2k+1\Sequence2k+1.csproj", "{FCC4C3A1-6FCD-4E8B-A5FD-140CE46C0F9E}"
EndProject
Project("{FAE04EC0-301F-11D3-BF4B-00C04F79EFBC}") = "NumberInRange1to100", "NumberInRange1to100\NumberInRange1to100.csproj", "{51F7DCFC-F9C1-4C29-89C7-2F6F06CCDCFD}"
EndProject
Project("{FAE04EC0-301F-11D3-BF4B-00C04F79EFBC}") = "GreatestCommonDivisor(CGD)", "GreatestCommonDivisor(CGD)\GreatestCommonDivisor(CGD).csproj", "{40047A0C-A308-4DD0-AE74-A6C9DD77FA77}"
EndProject
Project("{FAE04EC0-301F-11D3-BF4B-00C04F79EFBC}") = "Factorial", "Factorial\Factorial.csproj", "{E82B8777-489C-4F68-8C83-D2A0AD9CD215}"
EndProject
Project("{FAE04EC0-301F-11D3-BF4B-00C04F79EFBC}") = "SumDigits", "SumDigits\SumDigits.csproj", "{F15DD06F-B90D-40FA-9DFE-AC03A5623482}"
EndProject
Project("{FAE04EC0-301F-11D3-BF4B-00C04F79EFBC}") = "CheckPrime", "CheckPrime\CheckPrime.csproj", "{D6AF0724-9A4D-4617-B38C-C92CAB2E6EA2}"
EndProject
Project("{FAE04EC0-301F-11D3-BF4B-00C04F79EFBC}") = "EnterEvenNumber", "EnterEvenNumber\EnterEvenNumber.csproj", "{43C74C43-0ABD-4F0F-B3EB-18EB3CD3D1FE}"
EndProject
Project("{FAE04EC0-301F-11D3-BF4B-00C04F79EFBC}") = "Fibonacci", "Fibonacci\Fibonacci.csproj", "{E8EE5186-1AA6-4B5D-973E-5B174D6668B6}"
EndProject
Project("{FAE04EC0-301F-11D3-BF4B-00C04F79EFBC}") = "NumberPyramid", "NumberPyramid\NumberPyramid.csproj", "{97FE8454-709B-4FD6-90F3-845B80262C87}"
EndProject
Project("{FAE04EC0-301F-11D3-BF4B-00C04F79EFBC}") = "NumberTable", "NumberTable\NumberTable.csproj", "{4CB7C7F8-7573-4DCB-8F37-25DE6BB7604B}"
EndProject
Project("{FAE04EC0-301F-11D3-BF4B-00C04F79EFBC}") = "justPractice", "justPractice\justPractice.csproj", "{B8CDAF6D-1348-4139-B917-4048D7506A6C}"
EndProject
Project("{FAE04EC0-301F-11D3-BF4B-00C04F79EFBC}") = "StupidPasswordGenerator", "StupidPasswordGenerator\StupidPasswordGenerator.csproj", "{9FF3D3DF-7C9F-45B3-B664-BAEBAE49505C}"
EndProject
Project("{FAE04EC0-301F-11D3-BF4B-00C04F79EFBC}") = "JustPractise2", "JustPractise2\JustPractise2.csproj", "{7ADB9C50-7379-4632-A652-988E224461C6}"
EndProject
Project("{FAE04EC0-301F-11D3-BF4B-00C04F79EFBC}") = "PreparationForExam", "PreparationForExam\PreparationForExam.csproj", "{215BCCDE-EC23-4CBB-AEB6-A6F850569BAC}"
EndProject
Project("{FAE04EC0-301F-11D3-BF4B-00C04F79EFBC}") = "AlgoBookPractice", "AlgoBookPractice\AlgoBookPractice.csproj", "{5719477A-72C3-4501-82E5-5EB3BF627D1A}"
EndProject
Project("{FAE04EC0-301F-11D3-BF4B-00C04F79EFBC}") = "StudentExamOnTime", "StudentExamOnTime\StudentExamOnTime.csproj", "{92F7B501-A716-49DD-A084-2BB5489E19EB}"
EndProject
Project("{FAE04EC0-301F-11D3-BF4B-00C04F79EFBC}") = "Histogram", "Histogram\Histogram.csproj", "{36A6A3D1-0447-4E6E-8638-1694F78CC3D9}"
EndProject
Project("{FAE04EC0-301F-11D3-BF4B-00C04F79EFBC}") = "DrawFort", "DrawFort\DrawFort.csproj", "{E04CD102-0EF8-49A5-A08E-C5E7D3A2138A}"
EndProject
Project("{FAE04EC0-301F-11D3-BF4B-00C04F79EFBC}") = "StupidPasswordGeneratorPart2", "StupidPasswordGeneratorPart2\StupidPasswordGeneratorPart2.csproj", "{9FF40A23-85E7-4B1C-97B6-1ADFA476A82A}"
EndProject
Project("{FAE04EC0-301F-11D3-BF4B-00C04F79EFBC}") = "Solution26w3", "Solution26w3\Solution26w3.csproj", "{467A3DEB-D8CC-480B-9F5B-FDD5BD63D45F}"
EndProject
Project("{FAE04EC0-301F-11D3-BF4B-00C04F79EFBC}") = "SwimmingPoolSolution", "SwimmingPoolSolution\SwimmingPoolSolution.csproj", "{2CE210B7-92E5-4EA7-99F3-26F59E218DDB}"
EndProject
Project("{FAE04EC0-301F-11D3-BF4B-00C04F79EFBC}") = "TravellingProgramer", "TravellingProgramer\TravellingProgramer.csproj", "{6300FAA7-8F67-4610-80B1-5FA00FC3648D}"
EndProject
Project("{FAE04EC0-301F-11D3-BF4B-00C04F79EFBC}") = "DivisionWithoutResidue", "DivisionWithoutResidue\DivisionWithoutResidue.csproj", "{2C050E0B-26E0-4DBA-BD44-7597B79036B0}"
EndProject
Project("{FAE04EC0-301F-11D3-BF4B-00C04F79EFBC}") = "ButterflyProblem", "ButterflyProblem\ButterflyProblem.csproj", "{9C442F59-9590-4B20-829D-5131D82CB327}"
EndProject
Project("{FAE04EC0-301F-11D3-BF4B-00C04F79EFBC}") = "MagicNumber", "MagicNumber\MagicNumber.csproj", "{E30B946C-E822-4B3A-A862-0F3D562D14D6}"
EndProject
Project("{FAE04EC0-301F-11D3-BF4B-00C04F79EFBC}") = "DailyProfit", "DailyProfit\DailyProfit.csproj", "{FE9EFE67-C204-48D9-ACEB-BBBCD76CAEA0}"
EndProject
Project("{FAE04EC0-301F-11D3-BF4B-00C04F79EFBC}") = "FirmSolution", "FirmSolution\FirmSolution.csproj", "{F33964F9-E5A1-4BA8-8BFE-6A9F418A9A1C}"
EndProject
Project("{FAE04EC0-301F-11D3-BF4B-00C04F79EFBC}") = "HotelRoom", "HotelRoom\HotelRoom.csproj", "{F52EABC1-B359-40F2-8F5F-0CDC8B274B80}"
EndProject
Project("{FAE04EC0-301F-11D3-BF4B-00C04F79EFBC}") = "Hospital", "Hospital\Hospital.csproj", "{0AB47FE7-FCD1-4B38-AEB2-E208B50A3042}"
EndProject
Project("{FAE04EC0-301F-11D3-BF4B-00C04F79EFBC}") = "Axe", "Axe\Axe.csproj", "{F70D94C1-F2C8-4C17-957B-C19D74C6E0BE}"
EndProject
Global
	GlobalSection(SolutionConfigurationPlatforms) = preSolution
		Debug|Any CPU = Debug|Any CPU
		Release|Any CPU = Release|Any CPU
	EndGlobalSection
	GlobalSection(ProjectConfigurationPlatforms) = postSolution
		{CAC69C02-616C-4BE4-BEF9-F339013CA5AE}.Debug|Any CPU.ActiveCfg = Debug|Any CPU
		{CAC69C02-616C-4BE4-BEF9-F339013CA5AE}.Debug|Any CPU.Build.0 = Debug|Any CPU
		{CAC69C02-616C-4BE4-BEF9-F339013CA5AE}.Release|Any CPU.ActiveCfg = Release|Any CPU
		{CAC69C02-616C-4BE4-BEF9-F339013CA5AE}.Release|Any CPU.Build.0 = Release|Any CPU
		{35355227-F1D5-4021-9E9C-F7E5CD5B071A}.Debug|Any CPU.ActiveCfg = Debug|Any CPU
		{35355227-F1D5-4021-9E9C-F7E5CD5B071A}.Debug|Any CPU.Build.0 = Debug|Any CPU
		{35355227-F1D5-4021-9E9C-F7E5CD5B071A}.Release|Any CPU.ActiveCfg = Release|Any CPU
		{35355227-F1D5-4021-9E9C-F7E5CD5B071A}.Release|Any CPU.Build.0 = Release|Any CPU
		{DFB5EC76-CE59-40D7-914D-271511E34AC6}.Debug|Any CPU.ActiveCfg = Debug|Any CPU
		{DFB5EC76-CE59-40D7-914D-271511E34AC6}.Debug|Any CPU.Build.0 = Debug|Any CPU
		{DFB5EC76-CE59-40D7-914D-271511E34AC6}.Release|Any CPU.ActiveCfg = Release|Any CPU
		{DFB5EC76-CE59-40D7-914D-271511E34AC6}.Release|Any CPU.Build.0 = Release|Any CPU
		{BEAFA78F-4FDC-40F5-AA86-96CB5C9EF986}.Debug|Any CPU.ActiveCfg = Debug|Any CPU
		{BEAFA78F-4FDC-40F5-AA86-96CB5C9EF986}.Debug|Any CPU.Build.0 = Debug|Any CPU
		{BEAFA78F-4FDC-40F5-AA86-96CB5C9EF986}.Release|Any CPU.ActiveCfg = Release|Any CPU
		{BEAFA78F-4FDC-40F5-AA86-96CB5C9EF986}.Release|Any CPU.Build.0 = Release|Any CPU
		{FCC4C3A1-6FCD-4E8B-A5FD-140CE46C0F9E}.Debug|Any CPU.ActiveCfg = Debug|Any CPU
		{FCC4C3A1-6FCD-4E8B-A5FD-140CE46C0F9E}.Debug|Any CPU.Build.0 = Debug|Any CPU
		{FCC4C3A1-6FCD-4E8B-A5FD-140CE46C0F9E}.Release|Any CPU.ActiveCfg = Release|Any CPU
		{FCC4C3A1-6FCD-4E8B-A5FD-140CE46C0F9E}.Release|Any CPU.Build.0 = Release|Any CPU
		{51F7DCFC-F9C1-4C29-89C7-2F6F06CCDCFD}.Debug|Any CPU.ActiveCfg = Debug|Any CPU
		{51F7DCFC-F9C1-4C29-89C7-2F6F06CCDCFD}.Debug|Any CPU.Build.0 = Debug|Any CPU
		{51F7DCFC-F9C1-4C29-89C7-2F6F06CCDCFD}.Release|Any CPU.ActiveCfg = Release|Any CPU
		{51F7DCFC-F9C1-4C29-89C7-2F6F06CCDCFD}.Release|Any CPU.Build.0 = Release|Any CPU
		{40047A0C-A308-4DD0-AE74-A6C9DD77FA77}.Debug|Any CPU.ActiveCfg = Debug|Any CPU
		{40047A0C-A308-4DD0-AE74-A6C9DD77FA77}.Debug|Any CPU.Build.0 = Debug|Any CPU
		{40047A0C-A308-4DD0-AE74-A6C9DD77FA77}.Release|Any CPU.ActiveCfg = Release|Any CPU
		{40047A0C-A308-4DD0-AE74-A6C9DD77FA77}.Release|Any CPU.Build.0 = Release|Any CPU
		{E82B8777-489C-4F68-8C83-D2A0AD9CD215}.Debug|Any CPU.ActiveCfg = Debug|Any CPU
		{E82B8777-489C-4F68-8C83-D2A0AD9CD215}.Debug|Any CPU.Build.0 = Debug|Any CPU
		{E82B8777-489C-4F68-8C83-D2A0AD9CD215}.Release|Any CPU.ActiveCfg = Release|Any CPU
		{E82B8777-489C-4F68-8C83-D2A0AD9CD215}.Release|Any CPU.Build.0 = Release|Any CPU
		{F15DD06F-B90D-40FA-9DFE-AC03A5623482}.Debug|Any CPU.ActiveCfg = Debug|Any CPU
		{F15DD06F-B90D-40FA-9DFE-AC03A5623482}.Debug|Any CPU.Build.0 = Debug|Any CPU
		{F15DD06F-B90D-40FA-9DFE-AC03A5623482}.Release|Any CPU.ActiveCfg = Release|Any CPU
		{F15DD06F-B90D-40FA-9DFE-AC03A5623482}.Release|Any CPU.Build.0 = Release|Any CPU
		{D6AF0724-9A4D-4617-B38C-C92CAB2E6EA2}.Debug|Any CPU.ActiveCfg = Debug|Any CPU
		{D6AF0724-9A4D-4617-B38C-C92CAB2E6EA2}.Debug|Any CPU.Build.0 = Debug|Any CPU
		{D6AF0724-9A4D-4617-B38C-C92CAB2E6EA2}.Release|Any CPU.ActiveCfg = Release|Any CPU
		{D6AF0724-9A4D-4617-B38C-C92CAB2E6EA2}.Release|Any CPU.Build.0 = Release|Any CPU
		{43C74C43-0ABD-4F0F-B3EB-18EB3CD3D1FE}.Debug|Any CPU.ActiveCfg = Debug|Any CPU
		{43C74C43-0ABD-4F0F-B3EB-18EB3CD3D1FE}.Debug|Any CPU.Build.0 = Debug|Any CPU
		{43C74C43-0ABD-4F0F-B3EB-18EB3CD3D1FE}.Release|Any CPU.ActiveCfg = Release|Any CPU
		{43C74C43-0ABD-4F0F-B3EB-18EB3CD3D1FE}.Release|Any CPU.Build.0 = Release|Any CPU
		{E8EE5186-1AA6-4B5D-973E-5B174D6668B6}.Debug|Any CPU.ActiveCfg = Debug|Any CPU
		{E8EE5186-1AA6-4B5D-973E-5B174D6668B6}.Debug|Any CPU.Build.0 = Debug|Any CPU
		{E8EE5186-1AA6-4B5D-973E-5B174D6668B6}.Release|Any CPU.ActiveCfg = Release|Any CPU
		{E8EE5186-1AA6-4B5D-973E-5B174D6668B6}.Release|Any CPU.Build.0 = Release|Any CPU
		{97FE8454-709B-4FD6-90F3-845B80262C87}.Debug|Any CPU.ActiveCfg = Debug|Any CPU
		{97FE8454-709B-4FD6-90F3-845B80262C87}.Debug|Any CPU.Build.0 = Debug|Any CPU
		{97FE8454-709B-4FD6-90F3-845B80262C87}.Release|Any CPU.ActiveCfg = Release|Any CPU
		{97FE8454-709B-4FD6-90F3-845B80262C87}.Release|Any CPU.Build.0 = Release|Any CPU
		{4CB7C7F8-7573-4DCB-8F37-25DE6BB7604B}.Debug|Any CPU.ActiveCfg = Debug|Any CPU
		{4CB7C7F8-7573-4DCB-8F37-25DE6BB7604B}.Debug|Any CPU.Build.0 = Debug|Any CPU
		{4CB7C7F8-7573-4DCB-8F37-25DE6BB7604B}.Release|Any CPU.ActiveCfg = Release|Any CPU
		{4CB7C7F8-7573-4DCB-8F37-25DE6BB7604B}.Release|Any CPU.Build.0 = Release|Any CPU
		{B8CDAF6D-1348-4139-B917-4048D7506A6C}.Debug|Any CPU.ActiveCfg = Debug|Any CPU
		{B8CDAF6D-1348-4139-B917-4048D7506A6C}.Debug|Any CPU.Build.0 = Debug|Any CPU
		{B8CDAF6D-1348-4139-B917-4048D7506A6C}.Release|Any CPU.ActiveCfg = Release|Any CPU
		{B8CDAF6D-1348-4139-B917-4048D7506A6C}.Release|Any CPU.Build.0 = Release|Any CPU
		{9FF3D3DF-7C9F-45B3-B664-BAEBAE49505C}.Debug|Any CPU.ActiveCfg = Debug|Any CPU
		{9FF3D3DF-7C9F-45B3-B664-BAEBAE49505C}.Debug|Any CPU.Build.0 = Debug|Any CPU
		{9FF3D3DF-7C9F-45B3-B664-BAEBAE49505C}.Release|Any CPU.ActiveCfg = Release|Any CPU
		{9FF3D3DF-7C9F-45B3-B664-BAEBAE49505C}.Release|Any CPU.Build.0 = Release|Any CPU
		{7ADB9C50-7379-4632-A652-988E224461C6}.Debug|Any CPU.ActiveCfg = Debug|Any CPU
		{7ADB9C50-7379-4632-A652-988E224461C6}.Debug|Any CPU.Build.0 = Debug|Any CPU
		{7ADB9C50-7379-4632-A652-988E224461C6}.Release|Any CPU.ActiveCfg = Release|Any CPU
		{7ADB9C50-7379-4632-A652-988E224461C6}.Release|Any CPU.Build.0 = Release|Any CPU
		{215BCCDE-EC23-4CBB-AEB6-A6F850569BAC}.Debug|Any CPU.ActiveCfg = Debug|Any CPU
		{215BCCDE-EC23-4CBB-AEB6-A6F850569BAC}.Debug|Any CPU.Build.0 = Debug|Any CPU
		{215BCCDE-EC23-4CBB-AEB6-A6F850569BAC}.Release|Any CPU.ActiveCfg = Release|Any CPU
		{215BCCDE-EC23-4CBB-AEB6-A6F850569BAC}.Release|Any CPU.Build.0 = Release|Any CPU
		{5719477A-72C3-4501-82E5-5EB3BF627D1A}.Debug|Any CPU.ActiveCfg = Debug|Any CPU
		{5719477A-72C3-4501-82E5-5EB3BF627D1A}.Debug|Any CPU.Build.0 = Debug|Any CPU
		{5719477A-72C3-4501-82E5-5EB3BF627D1A}.Release|Any CPU.ActiveCfg = Release|Any CPU
		{5719477A-72C3-4501-82E5-5EB3BF627D1A}.Release|Any CPU.Build.0 = Release|Any CPU
		{92F7B501-A716-49DD-A084-2BB5489E19EB}.Debug|Any CPU.ActiveCfg = Debug|Any CPU
		{92F7B501-A716-49DD-A084-2BB5489E19EB}.Debug|Any CPU.Build.0 = Debug|Any CPU
		{92F7B501-A716-49DD-A084-2BB5489E19EB}.Release|Any CPU.ActiveCfg = Release|Any CPU
		{92F7B501-A716-49DD-A084-2BB5489E19EB}.Release|Any CPU.Build.0 = Release|Any CPU
		{36A6A3D1-0447-4E6E-8638-1694F78CC3D9}.Debug|Any CPU.ActiveCfg = Debug|Any CPU
		{36A6A3D1-0447-4E6E-8638-1694F78CC3D9}.Debug|Any CPU.Build.0 = Debug|Any CPU
		{36A6A3D1-0447-4E6E-8638-1694F78CC3D9}.Release|Any CPU.ActiveCfg = Release|Any CPU
		{36A6A3D1-0447-4E6E-8638-1694F78CC3D9}.Release|Any CPU.Build.0 = Release|Any CPU
		{E04CD102-0EF8-49A5-A08E-C5E7D3A2138A}.Debug|Any CPU.ActiveCfg = Debug|Any CPU
		{E04CD102-0EF8-49A5-A08E-C5E7D3A2138A}.Debug|Any CPU.Build.0 = Debug|Any CPU
		{E04CD102-0EF8-49A5-A08E-C5E7D3A2138A}.Release|Any CPU.ActiveCfg = Release|Any CPU
		{E04CD102-0EF8-49A5-A08E-C5E7D3A2138A}.Release|Any CPU.Build.0 = Release|Any CPU
		{9FF40A23-85E7-4B1C-97B6-1ADFA476A82A}.Debug|Any CPU.ActiveCfg = Debug|Any CPU
		{9FF40A23-85E7-4B1C-97B6-1ADFA476A82A}.Debug|Any CPU.Build.0 = Debug|Any CPU
		{9FF40A23-85E7-4B1C-97B6-1ADFA476A82A}.Release|Any CPU.ActiveCfg = Release|Any CPU
		{9FF40A23-85E7-4B1C-97B6-1ADFA476A82A}.Release|Any CPU.Build.0 = Release|Any CPU
		{467A3DEB-D8CC-480B-9F5B-FDD5BD63D45F}.Debug|Any CPU.ActiveCfg = Debug|Any CPU
		{467A3DEB-D8CC-480B-9F5B-FDD5BD63D45F}.Debug|Any CPU.Build.0 = Debug|Any CPU
		{467A3DEB-D8CC-480B-9F5B-FDD5BD63D45F}.Release|Any CPU.ActiveCfg = Release|Any CPU
		{467A3DEB-D8CC-480B-9F5B-FDD5BD63D45F}.Release|Any CPU.Build.0 = Release|Any CPU
		{2CE210B7-92E5-4EA7-99F3-26F59E218DDB}.Debug|Any CPU.ActiveCfg = Debug|Any CPU
		{2CE210B7-92E5-4EA7-99F3-26F59E218DDB}.Debug|Any CPU.Build.0 = Debug|Any CPU
		{2CE210B7-92E5-4EA7-99F3-26F59E218DDB}.Release|Any CPU.ActiveCfg = Release|Any CPU
		{2CE210B7-92E5-4EA7-99F3-26F59E218DDB}.Release|Any CPU.Build.0 = Release|Any CPU
		{6300FAA7-8F67-4610-80B1-5FA00FC3648D}.Debug|Any CPU.ActiveCfg = Debug|Any CPU
		{6300FAA7-8F67-4610-80B1-5FA00FC3648D}.Debug|Any CPU.Build.0 = Debug|Any CPU
		{6300FAA7-8F67-4610-80B1-5FA00FC3648D}.Release|Any CPU.ActiveCfg = Release|Any CPU
		{6300FAA7-8F67-4610-80B1-5FA00FC3648D}.Release|Any CPU.Build.0 = Release|Any CPU
		{2C050E0B-26E0-4DBA-BD44-7597B79036B0}.Debug|Any CPU.ActiveCfg = Debug|Any CPU
		{2C050E0B-26E0-4DBA-BD44-7597B79036B0}.Debug|Any CPU.Build.0 = Debug|Any CPU
		{2C050E0B-26E0-4DBA-BD44-7597B79036B0}.Release|Any CPU.ActiveCfg = Release|Any CPU
		{2C050E0B-26E0-4DBA-BD44-7597B79036B0}.Release|Any CPU.Build.0 = Release|Any CPU
		{9C442F59-9590-4B20-829D-5131D82CB327}.Debug|Any CPU.ActiveCfg = Debug|Any CPU
		{9C442F59-9590-4B20-829D-5131D82CB327}.Debug|Any CPU.Build.0 = Debug|Any CPU
		{9C442F59-9590-4B20-829D-5131D82CB327}.Release|Any CPU.ActiveCfg = Release|Any CPU
		{9C442F59-9590-4B20-829D-5131D82CB327}.Release|Any CPU.Build.0 = Release|Any CPU
		{E30B946C-E822-4B3A-A862-0F3D562D14D6}.Debug|Any CPU.ActiveCfg = Debug|Any CPU
		{E30B946C-E822-4B3A-A862-0F3D562D14D6}.Debug|Any CPU.Build.0 = Debug|Any CPU
		{E30B946C-E822-4B3A-A862-0F3D562D14D6}.Release|Any CPU.ActiveCfg = Release|Any CPU
		{E30B946C-E822-4B3A-A862-0F3D562D14D6}.Release|Any CPU.Build.0 = Release|Any CPU
		{FE9EFE67-C204-48D9-ACEB-BBBCD76CAEA0}.Debug|Any CPU.ActiveCfg = Debug|Any CPU
		{FE9EFE67-C204-48D9-ACEB-BBBCD76CAEA0}.Debug|Any CPU.Build.0 = Debug|Any CPU
		{FE9EFE67-C204-48D9-ACEB-BBBCD76CAEA0}.Release|Any CPU.ActiveCfg = Release|Any CPU
		{FE9EFE67-C204-48D9-ACEB-BBBCD76CAEA0}.Release|Any CPU.Build.0 = Release|Any CPU
		{F33964F9-E5A1-4BA8-8BFE-6A9F418A9A1C}.Debug|Any CPU.ActiveCfg = Debug|Any CPU
		{F33964F9-E5A1-4BA8-8BFE-6A9F418A9A1C}.Debug|Any CPU.Build.0 = Debug|Any CPU
		{F33964F9-E5A1-4BA8-8BFE-6A9F418A9A1C}.Release|Any CPU.ActiveCfg = Release|Any CPU
		{F33964F9-E5A1-4BA8-8BFE-6A9F418A9A1C}.Release|Any CPU.Build.0 = Release|Any CPU
		{F52EABC1-B359-40F2-8F5F-0CDC8B274B80}.Debug|Any CPU.ActiveCfg = Debug|Any CPU
		{F52EABC1-B359-40F2-8F5F-0CDC8B274B80}.Debug|Any CPU.Build.0 = Debug|Any CPU
		{F52EABC1-B359-40F2-8F5F-0CDC8B274B80}.Release|Any CPU.ActiveCfg = Release|Any CPU
		{F52EABC1-B359-40F2-8F5F-0CDC8B274B80}.Release|Any CPU.Build.0 = Release|Any CPU
		{0AB47FE7-FCD1-4B38-AEB2-E208B50A3042}.Debug|Any CPU.ActiveCfg = Debug|Any CPU
		{0AB47FE7-FCD1-4B38-AEB2-E208B50A3042}.Debug|Any CPU.Build.0 = Debug|Any CPU
		{0AB47FE7-FCD1-4B38-AEB2-E208B50A3042}.Release|Any CPU.ActiveCfg = Release|Any CPU
		{0AB47FE7-FCD1-4B38-AEB2-E208B50A3042}.Release|Any CPU.Build.0 = Release|Any CPU
		{F70D94C1-F2C8-4C17-957B-C19D74C6E0BE}.Debug|Any CPU.ActiveCfg = Debug|Any CPU
		{F70D94C1-F2C8-4C17-957B-C19D74C6E0BE}.Debug|Any CPU.Build.0 = Debug|Any CPU
		{F70D94C1-F2C8-4C17-957B-C19D74C6E0BE}.Release|Any CPU.ActiveCfg = Release|Any CPU
		{F70D94C1-F2C8-4C17-957B-C19D74C6E0BE}.Release|Any CPU.Build.0 = Release|Any CPU
	EndGlobalSection
	GlobalSection(SolutionProperties) = preSolution
		HideSolutionNode = FALSE
	EndGlobalSection
EndGlobal
