
Microsoft Visual Studio Solution File, Format Version 12.00
# Visual Studio 14
VisualStudioVersion = 14.0.25420.1
MinimumVisualStudioVersion = 10.0.40219.1
Project("{FAE04EC0-301F-11D3-BF4B-00C04F79EFBC}") = "HornetWings", "HornetWings\HornetWings.csproj", "{64570C22-CFAB-4883-9AE7-5E17535E8B78}"
EndProject
Project("{FAE04EC0-301F-11D3-BF4B-00C04F79EFBC}") = "HornetComm", "HornetComm\HornetComm.csproj", "{DA87F29F-021D-4B2E-9BCC-0A1DF3595AA9}"
EndProject
Project("{FAE04EC0-301F-11D3-BF4B-00C04F79EFBC}") = "HornetArmada", "HornetArmada\HornetArmada.csproj", "{8A336591-D0ED-420B-823D-7E52D75BB7B6}"
EndProject
Global
	GlobalSection(SolutionConfigurationPlatforms) = preSolution
		Debug|Any CPU = Debug|Any CPU
		Release|Any CPU = Release|Any CPU
	EndGlobalSection
	GlobalSection(ProjectConfigurationPlatforms) = postSolution
		{64570C22-CFAB-4883-9AE7-5E17535E8B78}.Debug|Any CPU.ActiveCfg = Debug|Any CPU
		{64570C22-CFAB-4883-9AE7-5E17535E8B78}.Debug|Any CPU.Build.0 = Debug|Any CPU
		{64570C22-CFAB-4883-9AE7-5E17535E8B78}.Release|Any CPU.ActiveCfg = Release|Any CPU
		{64570C22-CFAB-4883-9AE7-5E17535E8B78}.Release|Any CPU.Build.0 = Release|Any CPU
		{DA87F29F-021D-4B2E-9BCC-0A1DF3595AA9}.Debug|Any CPU.ActiveCfg = Debug|Any CPU
		{DA87F29F-021D-4B2E-9BCC-0A1DF3595AA9}.Debug|Any CPU.Build.0 = Debug|Any CPU
		{DA87F29F-021D-4B2E-9BCC-0A1DF3595AA9}.Release|Any CPU.ActiveCfg = Release|Any CPU
		{DA87F29F-021D-4B2E-9BCC-0A1DF3595AA9}.Release|Any CPU.Build.0 = Release|Any CPU
		{8A336591-D0ED-420B-823D-7E52D75BB7B6}.Debug|Any CPU.ActiveCfg = Debug|Any CPU
		{8A336591-D0ED-420B-823D-7E52D75BB7B6}.Debug|Any CPU.Build.0 = Debug|Any CPU
		{8A336591-D0ED-420B-823D-7E52D75BB7B6}.Release|Any CPU.ActiveCfg = Release|Any CPU
		{8A336591-D0ED-420B-823D-7E52D75BB7B6}.Release|Any CPU.Build.0 = Release|Any CPU
	EndGlobalSection
	GlobalSection(SolutionProperties) = preSolution
		HideSolutionNode = FALSE
	EndGlobalSection
EndGlobal
