
Microsoft Visual Studio Solution File, Format Version 12.00
# Visual Studio 14
VisualStudioVersion = 14.0.25420.1
MinimumVisualStudioVersion = 10.0.40219.1
Project("{FAE04EC0-301F-11D3-BF4B-00C04F79EFBC}") = "Practise", "Practise\Practise.csproj", "{44CE2A1A-76F9-4E7E-AADB-1DC67D8D398A}"
EndProject
Project("{FAE04EC0-301F-11D3-BF4B-00C04F79EFBC}") = "MostFrequentNumber", "MostFrequentNumber\MostFrequentNumber.csproj", "{0A9E647C-E2C3-408C-B91E-A8D3CF747828}"
EndProject
Project("{FAE04EC0-301F-11D3-BF4B-00C04F79EFBC}") = "IndexOfLetters", "IndexOfLetters\IndexOfLetters.csproj", "{9E537CE6-B6E8-4CE6-A7E0-738FCCC7618F}"
EndProject
Global
	GlobalSection(SolutionConfigurationPlatforms) = preSolution
		Debug|Any CPU = Debug|Any CPU
		Release|Any CPU = Release|Any CPU
	EndGlobalSection
	GlobalSection(ProjectConfigurationPlatforms) = postSolution
		{44CE2A1A-76F9-4E7E-AADB-1DC67D8D398A}.Debug|Any CPU.ActiveCfg = Debug|Any CPU
		{44CE2A1A-76F9-4E7E-AADB-1DC67D8D398A}.Debug|Any CPU.Build.0 = Debug|Any CPU
		{44CE2A1A-76F9-4E7E-AADB-1DC67D8D398A}.Release|Any CPU.ActiveCfg = Release|Any CPU
		{44CE2A1A-76F9-4E7E-AADB-1DC67D8D398A}.Release|Any CPU.Build.0 = Release|Any CPU
		{0A9E647C-E2C3-408C-B91E-A8D3CF747828}.Debug|Any CPU.ActiveCfg = Debug|Any CPU
		{0A9E647C-E2C3-408C-B91E-A8D3CF747828}.Debug|Any CPU.Build.0 = Debug|Any CPU
		{0A9E647C-E2C3-408C-B91E-A8D3CF747828}.Release|Any CPU.ActiveCfg = Release|Any CPU
		{0A9E647C-E2C3-408C-B91E-A8D3CF747828}.Release|Any CPU.Build.0 = Release|Any CPU
		{9E537CE6-B6E8-4CE6-A7E0-738FCCC7618F}.Debug|Any CPU.ActiveCfg = Debug|Any CPU
		{9E537CE6-B6E8-4CE6-A7E0-738FCCC7618F}.Debug|Any CPU.Build.0 = Debug|Any CPU
		{9E537CE6-B6E8-4CE6-A7E0-738FCCC7618F}.Release|Any CPU.ActiveCfg = Release|Any CPU
		{9E537CE6-B6E8-4CE6-A7E0-738FCCC7618F}.Release|Any CPU.Build.0 = Release|Any CPU
	EndGlobalSection
	GlobalSection(SolutionProperties) = preSolution
		HideSolutionNode = FALSE
	EndGlobalSection
EndGlobal
