
Microsoft Visual Studio Solution File, Format Version 12.00
# Visual Studio 14
VisualStudioVersion = 14.0.25420.1
MinimumVisualStudioVersion = 10.0.40219.1
Project("{FAE04EC0-301F-11D3-BF4B-00C04F79EFBC}") = "HelloName", "HelloName\HelloName.csproj", "{AF044D8D-1999-4FB2-B8C7-E1FBAE83259D}"
EndProject
Project("{FAE04EC0-301F-11D3-BF4B-00C04F79EFBC}") = "MaxMethod", "MaxMethod\MaxMethod.csproj", "{235B33B0-3EAC-4F4B-BDC7-EF6D48EC233E}"
EndProject
Project("{FAE04EC0-301F-11D3-BF4B-00C04F79EFBC}") = "EnglishNameOfLastDigit", "EnglishNameOfLastDigit\EnglishNameOfLastDigit.csproj", "{12FFF052-7588-428B-BD23-E55772AAF895}"
EndProject
Project("{FAE04EC0-301F-11D3-BF4B-00C04F79EFBC}") = "ReverseNumber", "ReverseNumber\ReverseNumber.csproj", "{52CE8A7C-A7FB-4668-893E-B5B4DD2D11F8}"
EndProject
Project("{FAE04EC0-301F-11D3-BF4B-00C04F79EFBC}") = "FibonacciNumber", "FibonacciNumber\FibonacciNumber.csproj", "{9EAA04BE-6B34-49C8-B0BA-B35CAEA109FE}"
EndProject
Project("{FAE04EC0-301F-11D3-BF4B-00C04F79EFBC}") = "PrimeChecker", "PrimeChecker\PrimeChecker.csproj", "{2C38284D-CC66-46B1-9F5D-766D2102F1ED}"
EndProject
Project("{FAE04EC0-301F-11D3-BF4B-00C04F79EFBC}") = "PrimeNumberInRange", "PrimeNumberInRange\PrimeNumberInRange.csproj", "{388D2372-E6B6-4161-A96B-112BAD06BCC4}"
EndProject
Project("{FAE04EC0-301F-11D3-BF4B-00C04F79EFBC}") = "CenterPoint", "CenterPoint\CenterPoint.csproj", "{4828A93D-0744-4746-A5AE-F82485208A75}"
EndProject
Project("{FAE04EC0-301F-11D3-BF4B-00C04F79EFBC}") = "CubeProperties", "CubeProperties\CubeProperties.csproj", "{7A184D5A-EA3F-4F72-B349-8FF617F7B593}"
EndProject
Project("{FAE04EC0-301F-11D3-BF4B-00C04F79EFBC}") = "GeometryCalculator", "GeometryCalculator\GeometryCalculator.csproj", "{C7647F97-4189-4A3C-B319-32000F3F699C}"
EndProject
Project("{FAE04EC0-301F-11D3-BF4B-00C04F79EFBC}") = "MasterNumber", "MasterNumber\MasterNumber.csproj", "{E2638D7D-F345-4347-924E-4B95E8F605A4}"
EndProject
Project("{FAE04EC0-301F-11D3-BF4B-00C04F79EFBC}") = "Factorial", "Factorial\Factorial.csproj", "{E196D44D-9F4A-405D-8FC7-326E1DF47918}"
EndProject
Project("{FAE04EC0-301F-11D3-BF4B-00C04F79EFBC}") = "FactorialTrailingZeroes", "FactorialTrailingZeroes\FactorialTrailingZeroes.csproj", "{7B2B1CF9-5A9B-4029-87DF-694973290201}"
EndProject
Project("{FAE04EC0-301F-11D3-BF4B-00C04F79EFBC}") = "LongerLife", "LongerLife\LongerLife.csproj", "{2EC3ECFF-9974-4865-B054-A984B85CDCAE}"
EndProject
Project("{FAE04EC0-301F-11D3-BF4B-00C04F79EFBC}") = "InstructionSetBroken", "InstructionSetBroken\InstructionSetBroken.csproj", "{0D06C4C4-879A-4201-B054-72DE8F1B1D63}"
EndProject
Project("{FAE04EC0-301F-11D3-BF4B-00C04F79EFBC}") = "BePositive", "BePositive\BePositive.csproj", "{4C01DAED-D9BF-4745-A616-D93C433B3169}"
EndProject
Project("{FAE04EC0-301F-11D3-BF4B-00C04F79EFBC}") = "SequenceOfCommands", "SequenceOfCommands\SequenceOfCommands.csproj", "{398B6161-109C-40F4-997F-D4B191C8A370}"
EndProject
Global
	GlobalSection(SolutionConfigurationPlatforms) = preSolution
		Debug|Any CPU = Debug|Any CPU
		Release|Any CPU = Release|Any CPU
	EndGlobalSection
	GlobalSection(ProjectConfigurationPlatforms) = postSolution
		{AF044D8D-1999-4FB2-B8C7-E1FBAE83259D}.Debug|Any CPU.ActiveCfg = Debug|Any CPU
		{AF044D8D-1999-4FB2-B8C7-E1FBAE83259D}.Debug|Any CPU.Build.0 = Debug|Any CPU
		{AF044D8D-1999-4FB2-B8C7-E1FBAE83259D}.Release|Any CPU.ActiveCfg = Release|Any CPU
		{AF044D8D-1999-4FB2-B8C7-E1FBAE83259D}.Release|Any CPU.Build.0 = Release|Any CPU
		{235B33B0-3EAC-4F4B-BDC7-EF6D48EC233E}.Debug|Any CPU.ActiveCfg = Debug|Any CPU
		{235B33B0-3EAC-4F4B-BDC7-EF6D48EC233E}.Debug|Any CPU.Build.0 = Debug|Any CPU
		{235B33B0-3EAC-4F4B-BDC7-EF6D48EC233E}.Release|Any CPU.ActiveCfg = Release|Any CPU
		{235B33B0-3EAC-4F4B-BDC7-EF6D48EC233E}.Release|Any CPU.Build.0 = Release|Any CPU
		{12FFF052-7588-428B-BD23-E55772AAF895}.Debug|Any CPU.ActiveCfg = Debug|Any CPU
		{12FFF052-7588-428B-BD23-E55772AAF895}.Debug|Any CPU.Build.0 = Debug|Any CPU
		{12FFF052-7588-428B-BD23-E55772AAF895}.Release|Any CPU.ActiveCfg = Release|Any CPU
		{12FFF052-7588-428B-BD23-E55772AAF895}.Release|Any CPU.Build.0 = Release|Any CPU
		{52CE8A7C-A7FB-4668-893E-B5B4DD2D11F8}.Debug|Any CPU.ActiveCfg = Debug|Any CPU
		{52CE8A7C-A7FB-4668-893E-B5B4DD2D11F8}.Debug|Any CPU.Build.0 = Debug|Any CPU
		{52CE8A7C-A7FB-4668-893E-B5B4DD2D11F8}.Release|Any CPU.ActiveCfg = Release|Any CPU
		{52CE8A7C-A7FB-4668-893E-B5B4DD2D11F8}.Release|Any CPU.Build.0 = Release|Any CPU
		{9EAA04BE-6B34-49C8-B0BA-B35CAEA109FE}.Debug|Any CPU.ActiveCfg = Debug|Any CPU
		{9EAA04BE-6B34-49C8-B0BA-B35CAEA109FE}.Debug|Any CPU.Build.0 = Debug|Any CPU
		{9EAA04BE-6B34-49C8-B0BA-B35CAEA109FE}.Release|Any CPU.ActiveCfg = Release|Any CPU
		{9EAA04BE-6B34-49C8-B0BA-B35CAEA109FE}.Release|Any CPU.Build.0 = Release|Any CPU
		{2C38284D-CC66-46B1-9F5D-766D2102F1ED}.Debug|Any CPU.ActiveCfg = Debug|Any CPU
		{2C38284D-CC66-46B1-9F5D-766D2102F1ED}.Debug|Any CPU.Build.0 = Debug|Any CPU
		{2C38284D-CC66-46B1-9F5D-766D2102F1ED}.Release|Any CPU.ActiveCfg = Release|Any CPU
		{2C38284D-CC66-46B1-9F5D-766D2102F1ED}.Release|Any CPU.Build.0 = Release|Any CPU
		{388D2372-E6B6-4161-A96B-112BAD06BCC4}.Debug|Any CPU.ActiveCfg = Debug|Any CPU
		{388D2372-E6B6-4161-A96B-112BAD06BCC4}.Debug|Any CPU.Build.0 = Debug|Any CPU
		{388D2372-E6B6-4161-A96B-112BAD06BCC4}.Release|Any CPU.ActiveCfg = Release|Any CPU
		{388D2372-E6B6-4161-A96B-112BAD06BCC4}.Release|Any CPU.Build.0 = Release|Any CPU
		{4828A93D-0744-4746-A5AE-F82485208A75}.Debug|Any CPU.ActiveCfg = Debug|Any CPU
		{4828A93D-0744-4746-A5AE-F82485208A75}.Debug|Any CPU.Build.0 = Debug|Any CPU
		{4828A93D-0744-4746-A5AE-F82485208A75}.Release|Any CPU.ActiveCfg = Release|Any CPU
		{4828A93D-0744-4746-A5AE-F82485208A75}.Release|Any CPU.Build.0 = Release|Any CPU
		{7A184D5A-EA3F-4F72-B349-8FF617F7B593}.Debug|Any CPU.ActiveCfg = Debug|Any CPU
		{7A184D5A-EA3F-4F72-B349-8FF617F7B593}.Debug|Any CPU.Build.0 = Debug|Any CPU
		{7A184D5A-EA3F-4F72-B349-8FF617F7B593}.Release|Any CPU.ActiveCfg = Release|Any CPU
		{7A184D5A-EA3F-4F72-B349-8FF617F7B593}.Release|Any CPU.Build.0 = Release|Any CPU
		{C7647F97-4189-4A3C-B319-32000F3F699C}.Debug|Any CPU.ActiveCfg = Debug|Any CPU
		{C7647F97-4189-4A3C-B319-32000F3F699C}.Debug|Any CPU.Build.0 = Debug|Any CPU
		{C7647F97-4189-4A3C-B319-32000F3F699C}.Release|Any CPU.ActiveCfg = Release|Any CPU
		{C7647F97-4189-4A3C-B319-32000F3F699C}.Release|Any CPU.Build.0 = Release|Any CPU
		{E2638D7D-F345-4347-924E-4B95E8F605A4}.Debug|Any CPU.ActiveCfg = Debug|Any CPU
		{E2638D7D-F345-4347-924E-4B95E8F605A4}.Debug|Any CPU.Build.0 = Debug|Any CPU
		{E2638D7D-F345-4347-924E-4B95E8F605A4}.Release|Any CPU.ActiveCfg = Release|Any CPU
		{E2638D7D-F345-4347-924E-4B95E8F605A4}.Release|Any CPU.Build.0 = Release|Any CPU
		{E196D44D-9F4A-405D-8FC7-326E1DF47918}.Debug|Any CPU.ActiveCfg = Debug|Any CPU
		{E196D44D-9F4A-405D-8FC7-326E1DF47918}.Debug|Any CPU.Build.0 = Debug|Any CPU
		{E196D44D-9F4A-405D-8FC7-326E1DF47918}.Release|Any CPU.ActiveCfg = Release|Any CPU
		{E196D44D-9F4A-405D-8FC7-326E1DF47918}.Release|Any CPU.Build.0 = Release|Any CPU
		{7B2B1CF9-5A9B-4029-87DF-694973290201}.Debug|Any CPU.ActiveCfg = Debug|Any CPU
		{7B2B1CF9-5A9B-4029-87DF-694973290201}.Debug|Any CPU.Build.0 = Debug|Any CPU
		{7B2B1CF9-5A9B-4029-87DF-694973290201}.Release|Any CPU.ActiveCfg = Release|Any CPU
		{7B2B1CF9-5A9B-4029-87DF-694973290201}.Release|Any CPU.Build.0 = Release|Any CPU
		{2EC3ECFF-9974-4865-B054-A984B85CDCAE}.Debug|Any CPU.ActiveCfg = Debug|Any CPU
		{2EC3ECFF-9974-4865-B054-A984B85CDCAE}.Debug|Any CPU.Build.0 = Debug|Any CPU
		{2EC3ECFF-9974-4865-B054-A984B85CDCAE}.Release|Any CPU.ActiveCfg = Release|Any CPU
		{2EC3ECFF-9974-4865-B054-A984B85CDCAE}.Release|Any CPU.Build.0 = Release|Any CPU
		{0D06C4C4-879A-4201-B054-72DE8F1B1D63}.Debug|Any CPU.ActiveCfg = Debug|Any CPU
		{0D06C4C4-879A-4201-B054-72DE8F1B1D63}.Debug|Any CPU.Build.0 = Debug|Any CPU
		{0D06C4C4-879A-4201-B054-72DE8F1B1D63}.Release|Any CPU.ActiveCfg = Release|Any CPU
		{0D06C4C4-879A-4201-B054-72DE8F1B1D63}.Release|Any CPU.Build.0 = Release|Any CPU
		{4C01DAED-D9BF-4745-A616-D93C433B3169}.Debug|Any CPU.ActiveCfg = Debug|Any CPU
		{4C01DAED-D9BF-4745-A616-D93C433B3169}.Debug|Any CPU.Build.0 = Debug|Any CPU
		{4C01DAED-D9BF-4745-A616-D93C433B3169}.Release|Any CPU.ActiveCfg = Release|Any CPU
		{4C01DAED-D9BF-4745-A616-D93C433B3169}.Release|Any CPU.Build.0 = Release|Any CPU
		{398B6161-109C-40F4-997F-D4B191C8A370}.Debug|Any CPU.ActiveCfg = Debug|Any CPU
		{398B6161-109C-40F4-997F-D4B191C8A370}.Debug|Any CPU.Build.0 = Debug|Any CPU
		{398B6161-109C-40F4-997F-D4B191C8A370}.Release|Any CPU.ActiveCfg = Release|Any CPU
		{398B6161-109C-40F4-997F-D4B191C8A370}.Release|Any CPU.Build.0 = Release|Any CPU
	EndGlobalSection
	GlobalSection(SolutionProperties) = preSolution
		HideSolutionNode = FALSE
	EndGlobalSection
EndGlobal
