
Microsoft Visual Studio Solution File, Format Version 12.00
# Visual Studio 14
VisualStudioVersion = 14.0.25420.1
MinimumVisualStudioVersion = 10.0.40219.1
Project("{FAE04EC0-301F-11D3-BF4B-00C04F79EFBC}") = "DayOfWeek", "DayOfWeek\DayOfWeek.csproj", "{46FFE6F4-1557-420E-87AD-08D5B19A7E47}"
EndProject
Project("{FAE04EC0-301F-11D3-BF4B-00C04F79EFBC}") = "ReverseArrayOfInteger", "ReverseArrayOfInteger\ReverseArrayOfInteger.csproj", "{5977323E-8C6F-40E5-B728-705E42524011}"
EndProject
Project("{FAE04EC0-301F-11D3-BF4B-00C04F79EFBC}") = "RoundNumbers", "RoundNumbers\RoundNumbers.csproj", "{79841DF6-3708-4C9F-BA5D-A71518A3D51E}"
EndProject
Project("{FAE04EC0-301F-11D3-BF4B-00C04F79EFBC}") = "LastNumbersK", "LastNumbersK\LastNumbersK.csproj", "{5F31C587-5A86-46C7-94D9-573B7351061E}"
EndProject
Project("{FAE04EC0-301F-11D3-BF4B-00C04F79EFBC}") = "JointCommand", "JointCommand\JointCommand.csproj", "{35E5EFD2-3C32-48F1-B2D6-1636CE84987B}"
EndProject
Project("{FAE04EC0-301F-11D3-BF4B-00C04F79EFBC}") = "TripleSum", "TripleSum\TripleSum.csproj", "{094A7B58-6F08-4B04-AEFD-C96C93F88D0F}"
EndProject
Project("{FAE04EC0-301F-11D3-BF4B-00C04F79EFBC}") = "ExcercisesPractise", "ExcercisesPractise\ExcercisesPractise.csproj", "{55DC6991-5AB9-4EE2-A63B-A6CFE9C455BA}"
EndProject
Project("{FAE04EC0-301F-11D3-BF4B-00C04F79EFBC}") = "ReverseString", "ReverseString\ReverseString.csproj", "{56890943-0225-4544-AFC8-1B9E87794552}"
EndProject
Project("{FAE04EC0-301F-11D3-BF4B-00C04F79EFBC}") = "SumArrays", "SumArrays\SumArrays.csproj", "{B3F541DF-88A2-473B-B88E-4097933AFE27}"
EndProject
Project("{FAE04EC0-301F-11D3-BF4B-00C04F79EFBC}") = "CondenseArray", "CondenseArray\CondenseArray.csproj", "{320671E8-6D65-48D8-ADAC-99AF9674B48F}"
EndProject
Project("{FAE04EC0-301F-11D3-BF4B-00C04F79EFBC}") = "ExtractMiddle", "ExtractMiddle\ExtractMiddle.csproj", "{79193B29-3B83-47A2-83CA-9B40DA7930F1}"
EndProject
Project("{FAE04EC0-301F-11D3-BF4B-00C04F79EFBC}") = "RemoveNegaiteAndReverse", "RemoveNegaiteAndReverse\RemoveNegaiteAndReverse.csproj", "{FDAE81A6-19E7-4553-AF34-7D29B82CA470}"
EndProject
Project("{FAE04EC0-301F-11D3-BF4B-00C04F79EFBC}") = "SplitByWordCasing", "SplitByWordCasing\SplitByWordCasing.csproj", "{D4EB6046-A89F-46D7-A32D-4E19BED6BC2F}"
EndProject
Project("{FAE04EC0-301F-11D3-BF4B-00C04F79EFBC}") = "SortNumbers", "SortNumbers\SortNumbers.csproj", "{A32B0FD6-2441-4F52-A5F0-3BAB6F7B01F0}"
EndProject
Project("{FAE04EC0-301F-11D3-BF4B-00C04F79EFBC}") = "SquareNumbers", "SquareNumbers\SquareNumbers.csproj", "{CA290F2D-6989-41A1-A08C-9832459A421C}"
EndProject
Global
	GlobalSection(SolutionConfigurationPlatforms) = preSolution
		Debug|Any CPU = Debug|Any CPU
		Release|Any CPU = Release|Any CPU
	EndGlobalSection
	GlobalSection(ProjectConfigurationPlatforms) = postSolution
		{46FFE6F4-1557-420E-87AD-08D5B19A7E47}.Debug|Any CPU.ActiveCfg = Debug|Any CPU
		{46FFE6F4-1557-420E-87AD-08D5B19A7E47}.Debug|Any CPU.Build.0 = Debug|Any CPU
		{46FFE6F4-1557-420E-87AD-08D5B19A7E47}.Release|Any CPU.ActiveCfg = Release|Any CPU
		{46FFE6F4-1557-420E-87AD-08D5B19A7E47}.Release|Any CPU.Build.0 = Release|Any CPU
		{5977323E-8C6F-40E5-B728-705E42524011}.Debug|Any CPU.ActiveCfg = Debug|Any CPU
		{5977323E-8C6F-40E5-B728-705E42524011}.Debug|Any CPU.Build.0 = Debug|Any CPU
		{5977323E-8C6F-40E5-B728-705E42524011}.Release|Any CPU.ActiveCfg = Release|Any CPU
		{5977323E-8C6F-40E5-B728-705E42524011}.Release|Any CPU.Build.0 = Release|Any CPU
		{79841DF6-3708-4C9F-BA5D-A71518A3D51E}.Debug|Any CPU.ActiveCfg = Debug|Any CPU
		{79841DF6-3708-4C9F-BA5D-A71518A3D51E}.Debug|Any CPU.Build.0 = Debug|Any CPU
		{79841DF6-3708-4C9F-BA5D-A71518A3D51E}.Release|Any CPU.ActiveCfg = Release|Any CPU
		{79841DF6-3708-4C9F-BA5D-A71518A3D51E}.Release|Any CPU.Build.0 = Release|Any CPU
		{5F31C587-5A86-46C7-94D9-573B7351061E}.Debug|Any CPU.ActiveCfg = Debug|Any CPU
		{5F31C587-5A86-46C7-94D9-573B7351061E}.Debug|Any CPU.Build.0 = Debug|Any CPU
		{5F31C587-5A86-46C7-94D9-573B7351061E}.Release|Any CPU.ActiveCfg = Release|Any CPU
		{5F31C587-5A86-46C7-94D9-573B7351061E}.Release|Any CPU.Build.0 = Release|Any CPU
		{35E5EFD2-3C32-48F1-B2D6-1636CE84987B}.Debug|Any CPU.ActiveCfg = Debug|Any CPU
		{35E5EFD2-3C32-48F1-B2D6-1636CE84987B}.Debug|Any CPU.Build.0 = Debug|Any CPU
		{35E5EFD2-3C32-48F1-B2D6-1636CE84987B}.Release|Any CPU.ActiveCfg = Release|Any CPU
		{35E5EFD2-3C32-48F1-B2D6-1636CE84987B}.Release|Any CPU.Build.0 = Release|Any CPU
		{094A7B58-6F08-4B04-AEFD-C96C93F88D0F}.Debug|Any CPU.ActiveCfg = Debug|Any CPU
		{094A7B58-6F08-4B04-AEFD-C96C93F88D0F}.Debug|Any CPU.Build.0 = Debug|Any CPU
		{094A7B58-6F08-4B04-AEFD-C96C93F88D0F}.Release|Any CPU.ActiveCfg = Release|Any CPU
		{094A7B58-6F08-4B04-AEFD-C96C93F88D0F}.Release|Any CPU.Build.0 = Release|Any CPU
		{55DC6991-5AB9-4EE2-A63B-A6CFE9C455BA}.Debug|Any CPU.ActiveCfg = Debug|Any CPU
		{55DC6991-5AB9-4EE2-A63B-A6CFE9C455BA}.Debug|Any CPU.Build.0 = Debug|Any CPU
		{55DC6991-5AB9-4EE2-A63B-A6CFE9C455BA}.Release|Any CPU.ActiveCfg = Release|Any CPU
		{55DC6991-5AB9-4EE2-A63B-A6CFE9C455BA}.Release|Any CPU.Build.0 = Release|Any CPU
		{56890943-0225-4544-AFC8-1B9E87794552}.Debug|Any CPU.ActiveCfg = Debug|Any CPU
		{56890943-0225-4544-AFC8-1B9E87794552}.Debug|Any CPU.Build.0 = Debug|Any CPU
		{56890943-0225-4544-AFC8-1B9E87794552}.Release|Any CPU.ActiveCfg = Release|Any CPU
		{56890943-0225-4544-AFC8-1B9E87794552}.Release|Any CPU.Build.0 = Release|Any CPU
		{B3F541DF-88A2-473B-B88E-4097933AFE27}.Debug|Any CPU.ActiveCfg = Debug|Any CPU
		{B3F541DF-88A2-473B-B88E-4097933AFE27}.Debug|Any CPU.Build.0 = Debug|Any CPU
		{B3F541DF-88A2-473B-B88E-4097933AFE27}.Release|Any CPU.ActiveCfg = Release|Any CPU
		{B3F541DF-88A2-473B-B88E-4097933AFE27}.Release|Any CPU.Build.0 = Release|Any CPU
		{320671E8-6D65-48D8-ADAC-99AF9674B48F}.Debug|Any CPU.ActiveCfg = Debug|Any CPU
		{320671E8-6D65-48D8-ADAC-99AF9674B48F}.Debug|Any CPU.Build.0 = Debug|Any CPU
		{320671E8-6D65-48D8-ADAC-99AF9674B48F}.Release|Any CPU.ActiveCfg = Release|Any CPU
		{320671E8-6D65-48D8-ADAC-99AF9674B48F}.Release|Any CPU.Build.0 = Release|Any CPU
		{79193B29-3B83-47A2-83CA-9B40DA7930F1}.Debug|Any CPU.ActiveCfg = Debug|Any CPU
		{79193B29-3B83-47A2-83CA-9B40DA7930F1}.Debug|Any CPU.Build.0 = Debug|Any CPU
		{79193B29-3B83-47A2-83CA-9B40DA7930F1}.Release|Any CPU.ActiveCfg = Release|Any CPU
		{79193B29-3B83-47A2-83CA-9B40DA7930F1}.Release|Any CPU.Build.0 = Release|Any CPU
		{FDAE81A6-19E7-4553-AF34-7D29B82CA470}.Debug|Any CPU.ActiveCfg = Debug|Any CPU
		{FDAE81A6-19E7-4553-AF34-7D29B82CA470}.Debug|Any CPU.Build.0 = Debug|Any CPU
		{FDAE81A6-19E7-4553-AF34-7D29B82CA470}.Release|Any CPU.ActiveCfg = Release|Any CPU
		{FDAE81A6-19E7-4553-AF34-7D29B82CA470}.Release|Any CPU.Build.0 = Release|Any CPU
		{D4EB6046-A89F-46D7-A32D-4E19BED6BC2F}.Debug|Any CPU.ActiveCfg = Debug|Any CPU
		{D4EB6046-A89F-46D7-A32D-4E19BED6BC2F}.Debug|Any CPU.Build.0 = Debug|Any CPU
		{D4EB6046-A89F-46D7-A32D-4E19BED6BC2F}.Release|Any CPU.ActiveCfg = Release|Any CPU
		{D4EB6046-A89F-46D7-A32D-4E19BED6BC2F}.Release|Any CPU.Build.0 = Release|Any CPU
		{A32B0FD6-2441-4F52-A5F0-3BAB6F7B01F0}.Debug|Any CPU.ActiveCfg = Debug|Any CPU
		{A32B0FD6-2441-4F52-A5F0-3BAB6F7B01F0}.Debug|Any CPU.Build.0 = Debug|Any CPU
		{A32B0FD6-2441-4F52-A5F0-3BAB6F7B01F0}.Release|Any CPU.ActiveCfg = Release|Any CPU
		{A32B0FD6-2441-4F52-A5F0-3BAB6F7B01F0}.Release|Any CPU.Build.0 = Release|Any CPU
		{CA290F2D-6989-41A1-A08C-9832459A421C}.Debug|Any CPU.ActiveCfg = Debug|Any CPU
		{CA290F2D-6989-41A1-A08C-9832459A421C}.Debug|Any CPU.Build.0 = Debug|Any CPU
		{CA290F2D-6989-41A1-A08C-9832459A421C}.Release|Any CPU.ActiveCfg = Release|Any CPU
		{CA290F2D-6989-41A1-A08C-9832459A421C}.Release|Any CPU.Build.0 = Release|Any CPU
	EndGlobalSection
	GlobalSection(SolutionProperties) = preSolution
		HideSolutionNode = FALSE
	EndGlobalSection
EndGlobal
