
Microsoft Visual Studio Solution File, Format Version 12.00
# Visual Studio 15
VisualStudioVersion = 15.0.26730.12
MinimumVisualStudioVersion = 10.0.40219.1
Project("{FAE04EC0-301F-11D3-BF4B-00C04F79EFBC}") = "Data", "Data\Data.csproj", "{DCC9062E-A47C-418B-AA40-B853FB716B2D}"
EndProject
Project("{FAE04EC0-301F-11D3-BF4B-00C04F79EFBC}") = "Models", "Models\Models.csproj", "{07B7F5AD-A291-4358-A31A-D08BAF025222}"
EndProject
Project("{FAE04EC0-301F-11D3-BF4B-00C04F79EFBC}") = "Client", "Client\Client.csproj", "{6CBBE034-1548-4E26-A886-5295F440CB8E}"
EndProject
Global
	GlobalSection(SolutionConfigurationPlatforms) = preSolution
		Debug|Any CPU = Debug|Any CPU
		Release|Any CPU = Release|Any CPU
	EndGlobalSection
	GlobalSection(ProjectConfigurationPlatforms) = postSolution
		{DCC9062E-A47C-418B-AA40-B853FB716B2D}.Debug|Any CPU.ActiveCfg = Debug|Any CPU
		{DCC9062E-A47C-418B-AA40-B853FB716B2D}.Debug|Any CPU.Build.0 = Debug|Any CPU
		{DCC9062E-A47C-418B-AA40-B853FB716B2D}.Release|Any CPU.ActiveCfg = Release|Any CPU
		{DCC9062E-A47C-418B-AA40-B853FB716B2D}.Release|Any CPU.Build.0 = Release|Any CPU
		{07B7F5AD-A291-4358-A31A-D08BAF025222}.Debug|Any CPU.ActiveCfg = Debug|Any CPU
		{07B7F5AD-A291-4358-A31A-D08BAF025222}.Debug|Any CPU.Build.0 = Debug|Any CPU
		{07B7F5AD-A291-4358-A31A-D08BAF025222}.Release|Any CPU.ActiveCfg = Release|Any CPU
		{07B7F5AD-A291-4358-A31A-D08BAF025222}.Release|Any CPU.Build.0 = Release|Any CPU
		{6CBBE034-1548-4E26-A886-5295F440CB8E}.Debug|Any CPU.ActiveCfg = Debug|Any CPU
		{6CBBE034-1548-4E26-A886-5295F440CB8E}.Debug|Any CPU.Build.0 = Debug|Any CPU
		{6CBBE034-1548-4E26-A886-5295F440CB8E}.Release|Any CPU.ActiveCfg = Release|Any CPU
		{6CBBE034-1548-4E26-A886-5295F440CB8E}.Release|Any CPU.Build.0 = Release|Any CPU
	EndGlobalSection
	GlobalSection(SolutionProperties) = preSolution
		HideSolutionNode = FALSE
	EndGlobalSection
	GlobalSection(ExtensibilityGlobals) = postSolution
		SolutionGuid = {FBF2F469-00B3-470D-BAF6-A614963C4E0E}
	EndGlobalSection
EndGlobal
