
Microsoft Visual Studio Solution File, Format Version 12.00
# Visual Studio 14
VisualStudioVersion = 14.0.25420.1
MinimumVisualStudioVersion = 10.0.40219.1
Project("{FAE04EC0-301F-11D3-BF4B-00C04F79EFBC}") = "UniqueUsernames", "UniqueUsernames\UniqueUsernames.csproj", "{E1D527E4-7065-45C7-9905-2ED619419BD9}"
EndProject
Project("{FAE04EC0-301F-11D3-BF4B-00C04F79EFBC}") = "SetsOfElements", "SetsOfElements\SetsOfElements.csproj", "{A81B8F8D-22C4-4FC2-864E-2337DAA56C55}"
EndProject
Project("{FAE04EC0-301F-11D3-BF4B-00C04F79EFBC}") = "PeriodicTable", "PeriodicTable\PeriodicTable.csproj", "{7CBEAC94-9BC3-457E-80A6-DEC2FD790066}"
EndProject
Project("{FAE04EC0-301F-11D3-BF4B-00C04F79EFBC}") = "CountSymbols", "CountSymbols\CountSymbols.csproj", "{9F504B35-0BC1-4455-8E27-A5C8B713E4CA}"
EndProject
Project("{FAE04EC0-301F-11D3-BF4B-00C04F79EFBC}") = "Phonebook", "Phonebook\Phonebook.csproj", "{D5B7C55C-01AF-499E-AE88-45D0A453FDBC}"
EndProject
Project("{FAE04EC0-301F-11D3-BF4B-00C04F79EFBC}") = "MinerTask", "MinerTask\MinerTask.csproj", "{196C35FF-3E4B-4979-9197-07586410DA99}"
EndProject
Project("{FAE04EC0-301F-11D3-BF4B-00C04F79EFBC}") = "FixEmails", "FixEmails\FixEmails.csproj", "{21E2C316-07AE-4788-ACBF-1F54A92FC46C}"
EndProject
Project("{FAE04EC0-301F-11D3-BF4B-00C04F79EFBC}") = "HandsOfCards", "HandsOfCards\HandsOfCards.csproj", "{F5C234B9-A91D-4E49-B692-FC1ACCD5460E}"
EndProject
Project("{FAE04EC0-301F-11D3-BF4B-00C04F79EFBC}") = "UserLogs", "UserLogs\UserLogs.csproj", "{EE718CB1-1956-48DC-87AC-7FA18300A02C}"
EndProject
Project("{FAE04EC0-301F-11D3-BF4B-00C04F79EFBC}") = "PopulationCenter", "PopulationCenter\PopulationCenter.csproj", "{A545B5B7-72D3-4FD8-8F1D-431EE524CE6C}"
EndProject
Project("{FAE04EC0-301F-11D3-BF4B-00C04F79EFBC}") = "LogsAggregator", "LogsAggregator\LogsAggregator.csproj", "{1CC2965D-BC27-46C7-845B-C615DC34DFC5}"
EndProject
Project("{FAE04EC0-301F-11D3-BF4B-00C04F79EFBC}") = "LegendaryFarming", "LegendaryFarming\LegendaryFarming.csproj", "{A499CED1-BFDF-4ED2-AD08-C7BC15088D9B}"
EndProject
Project("{FAE04EC0-301F-11D3-BF4B-00C04F79EFBC}") = "Algo", "Algo\Algo.csproj", "{F7218FA0-4F33-40E9-9839-D05B5550281B}"
EndProject
Project("{FAE04EC0-301F-11D3-BF4B-00C04F79EFBC}") = "SerbianMusicUnleashed", "SerbianMusicUnleashed\SerbianMusicUnleashed.csproj", "{54272BB9-EF90-47A1-8B20-4A855B01BE9F}"
EndProject
Global
	GlobalSection(SolutionConfigurationPlatforms) = preSolution
		Debug|Any CPU = Debug|Any CPU
		Release|Any CPU = Release|Any CPU
	EndGlobalSection
	GlobalSection(ProjectConfigurationPlatforms) = postSolution
		{E1D527E4-7065-45C7-9905-2ED619419BD9}.Debug|Any CPU.ActiveCfg = Debug|Any CPU
		{E1D527E4-7065-45C7-9905-2ED619419BD9}.Debug|Any CPU.Build.0 = Debug|Any CPU
		{E1D527E4-7065-45C7-9905-2ED619419BD9}.Release|Any CPU.ActiveCfg = Release|Any CPU
		{E1D527E4-7065-45C7-9905-2ED619419BD9}.Release|Any CPU.Build.0 = Release|Any CPU
		{A81B8F8D-22C4-4FC2-864E-2337DAA56C55}.Debug|Any CPU.ActiveCfg = Debug|Any CPU
		{A81B8F8D-22C4-4FC2-864E-2337DAA56C55}.Debug|Any CPU.Build.0 = Debug|Any CPU
		{A81B8F8D-22C4-4FC2-864E-2337DAA56C55}.Release|Any CPU.ActiveCfg = Release|Any CPU
		{A81B8F8D-22C4-4FC2-864E-2337DAA56C55}.Release|Any CPU.Build.0 = Release|Any CPU
		{7CBEAC94-9BC3-457E-80A6-DEC2FD790066}.Debug|Any CPU.ActiveCfg = Debug|Any CPU
		{7CBEAC94-9BC3-457E-80A6-DEC2FD790066}.Debug|Any CPU.Build.0 = Debug|Any CPU
		{7CBEAC94-9BC3-457E-80A6-DEC2FD790066}.Release|Any CPU.ActiveCfg = Release|Any CPU
		{7CBEAC94-9BC3-457E-80A6-DEC2FD790066}.Release|Any CPU.Build.0 = Release|Any CPU
		{9F504B35-0BC1-4455-8E27-A5C8B713E4CA}.Debug|Any CPU.ActiveCfg = Debug|Any CPU
		{9F504B35-0BC1-4455-8E27-A5C8B713E4CA}.Debug|Any CPU.Build.0 = Debug|Any CPU
		{9F504B35-0BC1-4455-8E27-A5C8B713E4CA}.Release|Any CPU.ActiveCfg = Release|Any CPU
		{9F504B35-0BC1-4455-8E27-A5C8B713E4CA}.Release|Any CPU.Build.0 = Release|Any CPU
		{D5B7C55C-01AF-499E-AE88-45D0A453FDBC}.Debug|Any CPU.ActiveCfg = Debug|Any CPU
		{D5B7C55C-01AF-499E-AE88-45D0A453FDBC}.Debug|Any CPU.Build.0 = Debug|Any CPU
		{D5B7C55C-01AF-499E-AE88-45D0A453FDBC}.Release|Any CPU.ActiveCfg = Release|Any CPU
		{D5B7C55C-01AF-499E-AE88-45D0A453FDBC}.Release|Any CPU.Build.0 = Release|Any CPU
		{196C35FF-3E4B-4979-9197-07586410DA99}.Debug|Any CPU.ActiveCfg = Debug|Any CPU
		{196C35FF-3E4B-4979-9197-07586410DA99}.Debug|Any CPU.Build.0 = Debug|Any CPU
		{196C35FF-3E4B-4979-9197-07586410DA99}.Release|Any CPU.ActiveCfg = Release|Any CPU
		{196C35FF-3E4B-4979-9197-07586410DA99}.Release|Any CPU.Build.0 = Release|Any CPU
		{21E2C316-07AE-4788-ACBF-1F54A92FC46C}.Debug|Any CPU.ActiveCfg = Debug|Any CPU
		{21E2C316-07AE-4788-ACBF-1F54A92FC46C}.Debug|Any CPU.Build.0 = Debug|Any CPU
		{21E2C316-07AE-4788-ACBF-1F54A92FC46C}.Release|Any CPU.ActiveCfg = Release|Any CPU
		{21E2C316-07AE-4788-ACBF-1F54A92FC46C}.Release|Any CPU.Build.0 = Release|Any CPU
		{F5C234B9-A91D-4E49-B692-FC1ACCD5460E}.Debug|Any CPU.ActiveCfg = Debug|Any CPU
		{F5C234B9-A91D-4E49-B692-FC1ACCD5460E}.Debug|Any CPU.Build.0 = Debug|Any CPU
		{F5C234B9-A91D-4E49-B692-FC1ACCD5460E}.Release|Any CPU.ActiveCfg = Release|Any CPU
		{F5C234B9-A91D-4E49-B692-FC1ACCD5460E}.Release|Any CPU.Build.0 = Release|Any CPU
		{EE718CB1-1956-48DC-87AC-7FA18300A02C}.Debug|Any CPU.ActiveCfg = Debug|Any CPU
		{EE718CB1-1956-48DC-87AC-7FA18300A02C}.Debug|Any CPU.Build.0 = Debug|Any CPU
		{EE718CB1-1956-48DC-87AC-7FA18300A02C}.Release|Any CPU.ActiveCfg = Release|Any CPU
		{EE718CB1-1956-48DC-87AC-7FA18300A02C}.Release|Any CPU.Build.0 = Release|Any CPU
		{A545B5B7-72D3-4FD8-8F1D-431EE524CE6C}.Debug|Any CPU.ActiveCfg = Debug|Any CPU
		{A545B5B7-72D3-4FD8-8F1D-431EE524CE6C}.Debug|Any CPU.Build.0 = Debug|Any CPU
		{A545B5B7-72D3-4FD8-8F1D-431EE524CE6C}.Release|Any CPU.ActiveCfg = Release|Any CPU
		{A545B5B7-72D3-4FD8-8F1D-431EE524CE6C}.Release|Any CPU.Build.0 = Release|Any CPU
		{1CC2965D-BC27-46C7-845B-C615DC34DFC5}.Debug|Any CPU.ActiveCfg = Debug|Any CPU
		{1CC2965D-BC27-46C7-845B-C615DC34DFC5}.Debug|Any CPU.Build.0 = Debug|Any CPU
		{1CC2965D-BC27-46C7-845B-C615DC34DFC5}.Release|Any CPU.ActiveCfg = Release|Any CPU
		{1CC2965D-BC27-46C7-845B-C615DC34DFC5}.Release|Any CPU.Build.0 = Release|Any CPU
		{A499CED1-BFDF-4ED2-AD08-C7BC15088D9B}.Debug|Any CPU.ActiveCfg = Debug|Any CPU
		{A499CED1-BFDF-4ED2-AD08-C7BC15088D9B}.Debug|Any CPU.Build.0 = Debug|Any CPU
		{A499CED1-BFDF-4ED2-AD08-C7BC15088D9B}.Release|Any CPU.ActiveCfg = Release|Any CPU
		{A499CED1-BFDF-4ED2-AD08-C7BC15088D9B}.Release|Any CPU.Build.0 = Release|Any CPU
		{F7218FA0-4F33-40E9-9839-D05B5550281B}.Debug|Any CPU.ActiveCfg = Debug|Any CPU
		{F7218FA0-4F33-40E9-9839-D05B5550281B}.Debug|Any CPU.Build.0 = Debug|Any CPU
		{F7218FA0-4F33-40E9-9839-D05B5550281B}.Release|Any CPU.ActiveCfg = Release|Any CPU
		{F7218FA0-4F33-40E9-9839-D05B5550281B}.Release|Any CPU.Build.0 = Release|Any CPU
		{54272BB9-EF90-47A1-8B20-4A855B01BE9F}.Debug|Any CPU.ActiveCfg = Debug|Any CPU
		{54272BB9-EF90-47A1-8B20-4A855B01BE9F}.Debug|Any CPU.Build.0 = Debug|Any CPU
		{54272BB9-EF90-47A1-8B20-4A855B01BE9F}.Release|Any CPU.ActiveCfg = Release|Any CPU
		{54272BB9-EF90-47A1-8B20-4A855B01BE9F}.Release|Any CPU.Build.0 = Release|Any CPU
	EndGlobalSection
	GlobalSection(SolutionProperties) = preSolution
		HideSolutionNode = FALSE
	EndGlobalSection
EndGlobal
