
Microsoft Visual Studio Solution File, Format Version 12.00
# Visual Studio 15
VisualStudioVersion = 15.0.26730.12
MinimumVisualStudioVersion = 10.0.40219.1
Project("{FAE04EC0-301F-11D3-BF4B-00C04F79EFBC}") = "Data", "Data\Data.csproj", "{5380B866-2710-4538-B29B-D45070154064}"
EndProject
Project("{FAE04EC0-301F-11D3-BF4B-00C04F79EFBC}") = "AllExercisesInMethods", "AllExercisesInMethods\AllExercisesInMethods.csproj", "{2B37ADCD-9D44-40AA-9EB2-0965B6A54539}"
EndProject
Project("{FAE04EC0-301F-11D3-BF4B-00C04F79EFBC}") = "SoftUni", "SoftUni\SoftUni.csproj", "{EE03E3A5-CC9E-47A5-A344-E268983EF6DF}"
EndProject
Project("{FAE04EC0-301F-11D3-BF4B-00C04F79EFBC}") = "Gringotts", "Gringotts\Gringotts.csproj", "{D96262BE-B3CF-4419-AA3D-926426B46922}"
EndProject
Global
	GlobalSection(SolutionConfigurationPlatforms) = preSolution
		Debug|Any CPU = Debug|Any CPU
		Release|Any CPU = Release|Any CPU
	EndGlobalSection
	GlobalSection(ProjectConfigurationPlatforms) = postSolution
		{5380B866-2710-4538-B29B-D45070154064}.Debug|Any CPU.ActiveCfg = Debug|Any CPU
		{5380B866-2710-4538-B29B-D45070154064}.Debug|Any CPU.Build.0 = Debug|Any CPU
		{5380B866-2710-4538-B29B-D45070154064}.Release|Any CPU.ActiveCfg = Release|Any CPU
		{5380B866-2710-4538-B29B-D45070154064}.Release|Any CPU.Build.0 = Release|Any CPU
		{2B37ADCD-9D44-40AA-9EB2-0965B6A54539}.Debug|Any CPU.ActiveCfg = Debug|Any CPU
		{2B37ADCD-9D44-40AA-9EB2-0965B6A54539}.Debug|Any CPU.Build.0 = Debug|Any CPU
		{2B37ADCD-9D44-40AA-9EB2-0965B6A54539}.Release|Any CPU.ActiveCfg = Release|Any CPU
		{2B37ADCD-9D44-40AA-9EB2-0965B6A54539}.Release|Any CPU.Build.0 = Release|Any CPU
		{EE03E3A5-CC9E-47A5-A344-E268983EF6DF}.Debug|Any CPU.ActiveCfg = Debug|Any CPU
		{EE03E3A5-CC9E-47A5-A344-E268983EF6DF}.Debug|Any CPU.Build.0 = Debug|Any CPU
		{EE03E3A5-CC9E-47A5-A344-E268983EF6DF}.Release|Any CPU.ActiveCfg = Release|Any CPU
		{EE03E3A5-CC9E-47A5-A344-E268983EF6DF}.Release|Any CPU.Build.0 = Release|Any CPU
		{D96262BE-B3CF-4419-AA3D-926426B46922}.Debug|Any CPU.ActiveCfg = Debug|Any CPU
		{D96262BE-B3CF-4419-AA3D-926426B46922}.Debug|Any CPU.Build.0 = Debug|Any CPU
		{D96262BE-B3CF-4419-AA3D-926426B46922}.Release|Any CPU.ActiveCfg = Release|Any CPU
		{D96262BE-B3CF-4419-AA3D-926426B46922}.Release|Any CPU.Build.0 = Release|Any CPU
	EndGlobalSection
	GlobalSection(SolutionProperties) = preSolution
		HideSolutionNode = FALSE
	EndGlobalSection
	GlobalSection(ExtensibilityGlobals) = postSolution
		SolutionGuid = {C477D0D1-239E-4C68-96D9-899628D5CB35}
	EndGlobalSection
EndGlobal
